
Microsoft Visual Studio Solution File, Format Version 10.00
# Visual Studio 2008
Project("{8BC9CEB8-8B4A-11D0-8D11-00A0C91BC942}") = "libXosCore", "libXosCore\libXosCore.vcproj", "{BAE70CE2-8375-412E-8274-A4FB4F895239}"
EndProject
Project("{2150E333-8FDC-42A3-9474-1A3956D46DE8}") = "Property Sheets", "Property Sheets", "{D8B2B9E8-A970-4729-A89C-019D65F61866}"
	ProjectSection(SolutionItems) = preProject
		..\Xos-boost.vsprops = ..\Xos-boost.vsprops
		Xos-vcversion.vsprops = Xos-vcversion.vsprops
		..\Xos-webrtc.vsprops = ..\Xos-webrtc.vsprops
		..\Xos-webrtc2.vsprops = ..\Xos-webrtc2.vsprops
		..\Xos.vsprops = ..\Xos.vsprops
	EndProjectSection
EndProject
Project("{8BC9CEB8-8B4A-11D0-8D11-00A0C91BC942}") = "libXosX11", "libXosX11\libXosX11.vcproj", "{80B9B20F-C973-4195-9D04-78CF5E7E550A}"
EndProject
Project("{2150E333-8FDC-42A3-9474-1A3956D46DE8}") = "app", "app", "{916E6718-A909-445E-89A7-18AA4BB22E6D}"
EndProject
Project("{2150E333-8FDC-42A3-9474-1A3956D46DE8}") = "lib", "lib", "{4B02016B-BD60-4380-969E-8A83509D6F38}"
EndProject
Project("{2150E333-8FDC-42A3-9474-1A3956D46DE8}") = "console", "console", "{507FE7C7-73F6-441F-A67C-9369257A2422}"
EndProject
Project("{8BC9CEB8-8B4A-11D0-8D11-00A0C91BC942}") = "XosHello", "XosHello\XosHello.vcproj", "{7C5D32B9-BAC3-40BF-87D2-F21964617954}"
	ProjectSection(ProjectDependencies) = postProject
		{4D1DE82C-9336-4DD6-9816-196E14754393} = {4D1DE82C-9336-4DD6-9816-196E14754393}
		{BAE70CE2-8375-412E-8274-A4FB4F895239} = {BAE70CE2-8375-412E-8274-A4FB4F895239}
	EndProjectSection
EndProject
Project("{2150E333-8FDC-42A3-9474-1A3956D46DE8}") = "Make Files", "Make Files", "{1143DB84-51CA-4736-B09F-5F8800057B1A}"
EndProject
Project("{2150E333-8FDC-42A3-9474-1A3956D46DE8}") = "Linux", "Linux", "{813AEA6E-6AF1-4B5F-AD22-F1BC9BD7F522}"
EndProject
Project("{2150E333-8FDC-42A3-9474-1A3956D46DE8}") = "Gcc", "Gcc", "{F235A22D-546C-41F2-90B5-CE89A7DCE1E2}"
	ProjectSection(SolutionItems) = preProject
		..\..\..\linux\Makefile\Gcc\Makedefines = ..\..\..\linux\Makefile\Gcc\Makedefines
		..\..\..\linux\Makefile\Gcc\Makedefines.webrtc = ..\..\..\linux\Makefile\Gcc\Makedefines.webrtc
		..\..\..\linux\Makefile\Gcc\Makedefines.webrtcobjs = ..\..\..\linux\Makefile\Gcc\Makedefines.webrtcobjs
		..\..\..\linux\Makefile\Gcc\Makedirs = ..\..\..\linux\Makefile\Gcc\Makedirs
		..\..\..\linux\Makefile\Gcc\Makefile = ..\..\..\linux\Makefile\Gcc\Makefile
		..\..\..\linux\Makefile\Gcc\Makerules = ..\..\..\linux\Makefile\Gcc\Makerules
		..\..\..\linux\Makefile\Gcc\Makerules.webrtcobjs = ..\..\..\linux\Makefile\Gcc\Makerules.webrtcobjs
	EndProjectSection
EndProject
Project("{2150E333-8FDC-42A3-9474-1A3956D46DE8}") = "Make Files", "Make Files", "{2B44E4ED-3A31-47F5-A808-8D18737FB8A2}"
EndProject
Project("{2150E333-8FDC-42A3-9474-1A3956D46DE8}") = "Linux", "Linux", "{11D016BF-6B1D-47FB-8881-DEB1A773A504}"
EndProject
Project("{2150E333-8FDC-42A3-9474-1A3956D46DE8}") = "Gcc", "Gcc", "{887633D3-DB12-496D-90DC-E433EBFA00A6}"
EndProject
Project("{8BC9CEB8-8B4A-11D0-8D11-00A0C91BC942}") = "libUnixBoost", "libUnixBoost\libUnixBoost.vcproj", "{063D2BE9-F7DB-47F2-AE40-9004F1104C5A}"
EndProject
Project("{2150E333-8FDC-42A3-9474-1A3956D46DE8}") = "MacOSX", "MacOSX", "{16B8D1BC-7166-431C-AA7A-3E9DD9726850}"
EndProject
Project("{2150E333-8FDC-42A3-9474-1A3956D46DE8}") = "Gcc", "Gcc", "{129BD119-6B02-4F5E-8B44-7E12E0BBF01B}"
	ProjectSection(SolutionItems) = preProject
		..\..\..\macosx\Makefile\Gcc\Makedefines = ..\..\..\macosx\Makefile\Gcc\Makedefines
		..\..\..\macosx\Makefile\Gcc\Makedirs = ..\..\..\macosx\Makefile\Gcc\Makedirs
		..\..\..\macosx\Makefile\Gcc\Makerules = ..\..\..\macosx\Makefile\Gcc\Makerules
	EndProjectSection
EndProject
Project("{8BC9CEB8-8B4A-11D0-8D11-00A0C91BC942}") = "libXosWebrtc", "libXosWebrtc\libXosWebrtc.vcproj", "{7CCED3D5-BC28-4407-B366-CC10C2741737}"
EndProject
Project("{8BC9CEB8-8B4A-11D0-8D11-00A0C91BC942}") = "libXosWebRtcUnix", "libXosWebRtcUnix\libXosWebRtcUnix.vcproj", "{9BC9D427-D14F-48B7-B2A4-935F1FB34D23}"
EndProject
Project("{8BC9CEB8-8B4A-11D0-8D11-00A0C91BC942}") = "XosLs", "XosLs\XosLs.vcproj", "{24F4010C-4F52-4993-A8C9-88CA937F8D23}"
	ProjectSection(ProjectDependencies) = postProject
		{4D1DE82C-9336-4DD6-9816-196E14754393} = {4D1DE82C-9336-4DD6-9816-196E14754393}
		{BAE70CE2-8375-412E-8274-A4FB4F895239} = {BAE70CE2-8375-412E-8274-A4FB4F895239}
	EndProjectSection
EndProject
Project("{8BC9CEB8-8B4A-11D0-8D11-00A0C91BC942}") = "libXosCoreUnix", "libXosCoreUnix\libXosCoreUnix.vcproj", "{17920C1D-E4F4-4AC9-9CBD-7D3980C6A753}"
EndProject
Project("{8BC9CEB8-8B4A-11D0-8D11-00A0C91BC942}") = "XosLsUnix", "XosLsUnix\XosLsUnix.vcproj", "{ACEA2F8D-2CBA-46C7-BC86-FA130420487C}"
	ProjectSection(ProjectDependencies) = postProject
		{17920C1D-E4F4-4AC9-9CBD-7D3980C6A753} = {17920C1D-E4F4-4AC9-9CBD-7D3980C6A753}
		{BAE70CE2-8375-412E-8274-A4FB4F895239} = {BAE70CE2-8375-412E-8274-A4FB4F895239}
	EndProjectSection
EndProject
Project("{8BC9CEB8-8B4A-11D0-8D11-00A0C91BC942}") = "libXosCoreWindows", "libXosCoreWindows\libXosCoreWindows.vcproj", "{4D1DE82C-9336-4DD6-9816-196E14754393}"
EndProject
Project("{2150E333-8FDC-42A3-9474-1A3956D46DE8}") = "gui", "gui", "{D76DC9EF-8633-43C3-860E-8830906B548B}"
EndProject
Project("{2150E333-8FDC-42A3-9474-1A3956D46DE8}") = "cocoa", "cocoa", "{DABABC36-064A-4D60-88E2-DB10A887CCAC}"
EndProject
Project("{8BC9CEB8-8B4A-11D0-8D11-00A0C91BC942}") = "iXosHello", "iXosHello\iXosHello.vcproj", "{CE9BC96D-9195-46E8-8EB6-835166E230DB}"
EndProject
Project("{8BC9CEB8-8B4A-11D0-8D11-00A0C91BC942}") = "libXosCoreMacosx", "libXosCoreMacosx\libXosCoreMacosx.vcproj", "{6F006792-FEE2-4F7A-9D62-1982057B5C3F}"
EndProject
Project("{8BC9CEB8-8B4A-11D0-8D11-00A0C91BC942}") = "XosWebrtcClient", "XosWebrtcClient\XosWebrtcClient.vcproj", "{369EA95A-0E5C-4B3B-B742-FFB537A0D1EF}"
	ProjectSection(ProjectDependencies) = postProject
		{F7C0E24A-907F-4534-9AAD-51A693134876} = {F7C0E24A-907F-4534-9AAD-51A693134876}
		{41B1496C-2EE2-42A9-B901-7EAC95D84508} = {41B1496C-2EE2-42A9-B901-7EAC95D84508}
	EndProjectSection
EndProject
Project("{8BC9CEB8-8B4A-11D0-8D11-00A0C91BC942}") = "libXosWebrtcCore", "libXosWebrtcCore\libXosWebrtcCore.vcproj", "{F7C0E24A-907F-4534-9AAD-51A693134876}"
EndProject
Project("{8BC9CEB8-8B4A-11D0-8D11-00A0C91BC942}") = "libXosWebrtcClient", "libXosWebrtcClient\libXosWebrtcClient.vcproj", "{41B1496C-2EE2-42A9-B901-7EAC95D84508}"
EndProject
Project("{2150E333-8FDC-42A3-9474-1A3956D46DE8}") = "windows", "windows", "{5414F6C9-4833-4760-A509-DB820E92E525}"
EndProject
Project("{8BC9CEB8-8B4A-11D0-8D11-00A0C91BC942}") = "winXosWebrtcClient", "winXosWebrtcClient\winXosWebrtcClient.vcproj", "{8551BC70-6674-4FD2-9C71-8996AFBEEAB2}"
	ProjectSection(ProjectDependencies) = postProject
		{F7C0E24A-907F-4534-9AAD-51A693134876} = {F7C0E24A-907F-4534-9AAD-51A693134876}
		{41B1496C-2EE2-42A9-B901-7EAC95D84508} = {41B1496C-2EE2-42A9-B901-7EAC95D84508}
	EndProjectSection
EndProject
Global
	GlobalSection(SolutionConfigurationPlatforms) = preSolution
		Debug|Win32 = Debug|Win32
		Release|Win32 = Release|Win32
	EndGlobalSection
	GlobalSection(ProjectConfigurationPlatforms) = postSolution
		{BAE70CE2-8375-412E-8274-A4FB4F895239}.Debug|Win32.ActiveCfg = Debug|Win32
		{BAE70CE2-8375-412E-8274-A4FB4F895239}.Debug|Win32.Build.0 = Debug|Win32
		{BAE70CE2-8375-412E-8274-A4FB4F895239}.Release|Win32.ActiveCfg = Release|Win32
		{BAE70CE2-8375-412E-8274-A4FB4F895239}.Release|Win32.Build.0 = Release|Win32
		{80B9B20F-C973-4195-9D04-78CF5E7E550A}.Debug|Win32.ActiveCfg = Debug|Win32
		{80B9B20F-C973-4195-9D04-78CF5E7E550A}.Debug|Win32.Build.0 = Debug|Win32
		{80B9B20F-C973-4195-9D04-78CF5E7E550A}.Release|Win32.ActiveCfg = Release|Win32
		{80B9B20F-C973-4195-9D04-78CF5E7E550A}.Release|Win32.Build.0 = Release|Win32
		{7C5D32B9-BAC3-40BF-87D2-F21964617954}.Debug|Win32.ActiveCfg = Debug|Win32
		{7C5D32B9-BAC3-40BF-87D2-F21964617954}.Debug|Win32.Build.0 = Debug|Win32
		{7C5D32B9-BAC3-40BF-87D2-F21964617954}.Release|Win32.ActiveCfg = Release|Win32
		{7C5D32B9-BAC3-40BF-87D2-F21964617954}.Release|Win32.Build.0 = Release|Win32
		{063D2BE9-F7DB-47F2-AE40-9004F1104C5A}.Debug|Win32.ActiveCfg = Debug|Win32
		{063D2BE9-F7DB-47F2-AE40-9004F1104C5A}.Debug|Win32.Build.0 = Debug|Win32
		{063D2BE9-F7DB-47F2-AE40-9004F1104C5A}.Release|Win32.ActiveCfg = Release|Win32
		{063D2BE9-F7DB-47F2-AE40-9004F1104C5A}.Release|Win32.Build.0 = Release|Win32
		{7CCED3D5-BC28-4407-B366-CC10C2741737}.Debug|Win32.ActiveCfg = Debug|Win32
		{7CCED3D5-BC28-4407-B366-CC10C2741737}.Debug|Win32.Build.0 = Debug|Win32
		{7CCED3D5-BC28-4407-B366-CC10C2741737}.Release|Win32.ActiveCfg = Release|Win32
		{7CCED3D5-BC28-4407-B366-CC10C2741737}.Release|Win32.Build.0 = Release|Win32
		{9BC9D427-D14F-48B7-B2A4-935F1FB34D23}.Debug|Win32.ActiveCfg = Debug|Win32
		{9BC9D427-D14F-48B7-B2A4-935F1FB34D23}.Debug|Win32.Build.0 = Debug|Win32
		{9BC9D427-D14F-48B7-B2A4-935F1FB34D23}.Release|Win32.ActiveCfg = Release|Win32
		{9BC9D427-D14F-48B7-B2A4-935F1FB34D23}.Release|Win32.Build.0 = Release|Win32
		{24F4010C-4F52-4993-A8C9-88CA937F8D23}.Debug|Win32.ActiveCfg = Debug|Win32
		{24F4010C-4F52-4993-A8C9-88CA937F8D23}.Debug|Win32.Build.0 = Debug|Win32
		{24F4010C-4F52-4993-A8C9-88CA937F8D23}.Release|Win32.ActiveCfg = Release|Win32
		{24F4010C-4F52-4993-A8C9-88CA937F8D23}.Release|Win32.Build.0 = Release|Win32
		{17920C1D-E4F4-4AC9-9CBD-7D3980C6A753}.Debug|Win32.ActiveCfg = Debug|Win32
		{17920C1D-E4F4-4AC9-9CBD-7D3980C6A753}.Debug|Win32.Build.0 = Debug|Win32
		{17920C1D-E4F4-4AC9-9CBD-7D3980C6A753}.Release|Win32.ActiveCfg = Release|Win32
		{17920C1D-E4F4-4AC9-9CBD-7D3980C6A753}.Release|Win32.Build.0 = Release|Win32
		{ACEA2F8D-2CBA-46C7-BC86-FA130420487C}.Debug|Win32.ActiveCfg = Debug|Win32
		{ACEA2F8D-2CBA-46C7-BC86-FA130420487C}.Debug|Win32.Build.0 = Debug|Win32
		{ACEA2F8D-2CBA-46C7-BC86-FA130420487C}.Release|Win32.ActiveCfg = Release|Win32
		{ACEA2F8D-2CBA-46C7-BC86-FA130420487C}.Release|Win32.Build.0 = Release|Win32
		{4D1DE82C-9336-4DD6-9816-196E14754393}.Debug|Win32.ActiveCfg = Debug|Win32
		{4D1DE82C-9336-4DD6-9816-196E14754393}.Debug|Win32.Build.0 = Debug|Win32
		{4D1DE82C-9336-4DD6-9816-196E14754393}.Release|Win32.ActiveCfg = Release|Win32
		{4D1DE82C-9336-4DD6-9816-196E14754393}.Release|Win32.Build.0 = Release|Win32
		{CE9BC96D-9195-46E8-8EB6-835166E230DB}.Debug|Win32.ActiveCfg = Debug|Win32
		{CE9BC96D-9195-46E8-8EB6-835166E230DB}.Debug|Win32.Build.0 = Debug|Win32
		{CE9BC96D-9195-46E8-8EB6-835166E230DB}.Release|Win32.ActiveCfg = Release|Win32
		{CE9BC96D-9195-46E8-8EB6-835166E230DB}.Release|Win32.Build.0 = Release|Win32
		{6F006792-FEE2-4F7A-9D62-1982057B5C3F}.Debug|Win32.ActiveCfg = Debug|Win32
		{6F006792-FEE2-4F7A-9D62-1982057B5C3F}.Debug|Win32.Build.0 = Debug|Win32
		{6F006792-FEE2-4F7A-9D62-1982057B5C3F}.Release|Win32.ActiveCfg = Release|Win32
		{6F006792-FEE2-4F7A-9D62-1982057B5C3F}.Release|Win32.Build.0 = Release|Win32
		{369EA95A-0E5C-4B3B-B742-FFB537A0D1EF}.Debug|Win32.ActiveCfg = Debug|Win32
		{369EA95A-0E5C-4B3B-B742-FFB537A0D1EF}.Debug|Win32.Build.0 = Debug|Win32
		{369EA95A-0E5C-4B3B-B742-FFB537A0D1EF}.Release|Win32.ActiveCfg = Release|Win32
		{369EA95A-0E5C-4B3B-B742-FFB537A0D1EF}.Release|Win32.Build.0 = Release|Win32
		{F7C0E24A-907F-4534-9AAD-51A693134876}.Debug|Win32.ActiveCfg = Debug|Win32
		{F7C0E24A-907F-4534-9AAD-51A693134876}.Debug|Win32.Build.0 = Debug|Win32
		{F7C0E24A-907F-4534-9AAD-51A693134876}.Release|Win32.ActiveCfg = Release|Win32
		{F7C0E24A-907F-4534-9AAD-51A693134876}.Release|Win32.Build.0 = Release|Win32
		{41B1496C-2EE2-42A9-B901-7EAC95D84508}.Debug|Win32.ActiveCfg = Debug|Win32
		{41B1496C-2EE2-42A9-B901-7EAC95D84508}.Debug|Win32.Build.0 = Debug|Win32
		{41B1496C-2EE2-42A9-B901-7EAC95D84508}.Release|Win32.ActiveCfg = Release|Win32
		{41B1496C-2EE2-42A9-B901-7EAC95D84508}.Release|Win32.Build.0 = Release|Win32
		{8551BC70-6674-4FD2-9C71-8996AFBEEAB2}.Debug|Win32.ActiveCfg = Debug|Win32
		{8551BC70-6674-4FD2-9C71-8996AFBEEAB2}.Debug|Win32.Build.0 = Debug|Win32
		{8551BC70-6674-4FD2-9C71-8996AFBEEAB2}.Release|Win32.ActiveCfg = Release|Win32
		{8551BC70-6674-4FD2-9C71-8996AFBEEAB2}.Release|Win32.Build.0 = Release|Win32
	EndGlobalSection
	GlobalSection(SolutionProperties) = preSolution
		HideSolutionNode = FALSE
	EndGlobalSection
	GlobalSection(NestedProjects) = preSolution
		{80B9B20F-C973-4195-9D04-78CF5E7E550A} = {4B02016B-BD60-4380-969E-8A83509D6F38}
		{BAE70CE2-8375-412E-8274-A4FB4F895239} = {4B02016B-BD60-4380-969E-8A83509D6F38}
		{2B44E4ED-3A31-47F5-A808-8D18737FB8A2} = {4B02016B-BD60-4380-969E-8A83509D6F38}
		{063D2BE9-F7DB-47F2-AE40-9004F1104C5A} = {4B02016B-BD60-4380-969E-8A83509D6F38}
		{7CCED3D5-BC28-4407-B366-CC10C2741737} = {4B02016B-BD60-4380-969E-8A83509D6F38}
		{9BC9D427-D14F-48B7-B2A4-935F1FB34D23} = {4B02016B-BD60-4380-969E-8A83509D6F38}
		{17920C1D-E4F4-4AC9-9CBD-7D3980C6A753} = {4B02016B-BD60-4380-969E-8A83509D6F38}
		{4D1DE82C-9336-4DD6-9816-196E14754393} = {4B02016B-BD60-4380-969E-8A83509D6F38}
		{6F006792-FEE2-4F7A-9D62-1982057B5C3F} = {4B02016B-BD60-4380-969E-8A83509D6F38}
		{F7C0E24A-907F-4534-9AAD-51A693134876} = {4B02016B-BD60-4380-969E-8A83509D6F38}
		{41B1496C-2EE2-42A9-B901-7EAC95D84508} = {4B02016B-BD60-4380-969E-8A83509D6F38}
		{507FE7C7-73F6-441F-A67C-9369257A2422} = {916E6718-A909-445E-89A7-18AA4BB22E6D}
		{D76DC9EF-8633-43C3-860E-8830906B548B} = {916E6718-A909-445E-89A7-18AA4BB22E6D}
		{7C5D32B9-BAC3-40BF-87D2-F21964617954} = {507FE7C7-73F6-441F-A67C-9369257A2422}
		{24F4010C-4F52-4993-A8C9-88CA937F8D23} = {507FE7C7-73F6-441F-A67C-9369257A2422}
		{ACEA2F8D-2CBA-46C7-BC86-FA130420487C} = {507FE7C7-73F6-441F-A67C-9369257A2422}
		{369EA95A-0E5C-4B3B-B742-FFB537A0D1EF} = {507FE7C7-73F6-441F-A67C-9369257A2422}
		{813AEA6E-6AF1-4B5F-AD22-F1BC9BD7F522} = {1143DB84-51CA-4736-B09F-5F8800057B1A}
		{16B8D1BC-7166-431C-AA7A-3E9DD9726850} = {1143DB84-51CA-4736-B09F-5F8800057B1A}
		{F235A22D-546C-41F2-90B5-CE89A7DCE1E2} = {813AEA6E-6AF1-4B5F-AD22-F1BC9BD7F522}
		{11D016BF-6B1D-47FB-8881-DEB1A773A504} = {2B44E4ED-3A31-47F5-A808-8D18737FB8A2}
		{887633D3-DB12-496D-90DC-E433EBFA00A6} = {11D016BF-6B1D-47FB-8881-DEB1A773A504}
		{129BD119-6B02-4F5E-8B44-7E12E0BBF01B} = {16B8D1BC-7166-431C-AA7A-3E9DD9726850}
		{DABABC36-064A-4D60-88E2-DB10A887CCAC} = {D76DC9EF-8633-43C3-860E-8830906B548B}
		{5414F6C9-4833-4760-A509-DB820E92E525} = {D76DC9EF-8633-43C3-860E-8830906B548B}
		{CE9BC96D-9195-46E8-8EB6-835166E230DB} = {DABABC36-064A-4D60-88E2-DB10A887CCAC}
		{8551BC70-6674-4FD2-9C71-8996AFBEEAB2} = {5414F6C9-4833-4760-A509-DB820E92E525}
	EndGlobalSection
EndGlobal
