
Microsoft Visual Studio Solution File, Format Version 10.00
# Visual Studio 2008
Project("{2150E333-8FDC-42A3-9474-1A3956D46DE8}") = "Property Sheets", "Property Sheets", "{AD97E879-639D-4F6D-9439-39B0DB4EE9B8}"
	ProjectSection(SolutionItems) = preProject
		..\Xos-boost.vsprops = ..\Xos-boost.vsprops
		..\Xos-log4cxx.vsprops = ..\Xos-log4cxx.vsprops
		..\Xos-mxde.vsprops = ..\Xos-mxde.vsprops
		..\Xos-qt.vsprops = ..\Xos-qt.vsprops
		Xos-vcversion.vsprops = Xos-vcversion.vsprops
		..\Xos-wxwidgets.vsprops = ..\Xos-wxwidgets.vsprops
		..\Xos.vsprops = ..\Xos.vsprops
	EndProjectSection
EndProject
Project("{2150E333-8FDC-42A3-9474-1A3956D46DE8}") = "lib", "lib", "{F086E77B-66C8-47DC-95A6-5BED7B1A3FBB}"
EndProject
Project("{2150E333-8FDC-42A3-9474-1A3956D46DE8}") = "app", "app", "{1D2EF1AD-3852-42C4-9FCF-49AC6F438B03}"
EndProject
Project("{8BC9CEB8-8B4A-11D0-8D11-00A0C91BC942}") = "libXosCore", "libXosCore\libXosCore.vcproj", "{BAE70CE2-8375-412E-8274-A4FB4F895239}"
EndProject
Project("{8BC9CEB8-8B4A-11D0-8D11-00A0C91BC942}") = "libXosX11", "libXosX11\libXosX11.vcproj", "{80B9B20F-C973-4195-9D04-78CF5E7E550A}"
EndProject
Project("{8BC9CEB8-8B4A-11D0-8D11-00A0C91BC942}") = "libXosXcb", "libXosXcb\libXosXcb.vcproj", "{C7AFF8CD-1B17-4A8B-B4ED-AA0E527633DC}"
EndProject
Project("{8BC9CEB8-8B4A-11D0-8D11-00A0C91BC942}") = "libXosXm", "libXosXm\libXosXm.vcproj", "{1CA1C651-985F-424A-9DBE-74CD9FDF0B09}"
EndProject
Project("{8BC9CEB8-8B4A-11D0-8D11-00A0C91BC942}") = "libXosXt", "libXosXt\libXosXt.vcproj", "{802268FB-67AC-4C3A-B0E4-A8C62D83D593}"
EndProject
Project("{8BC9CEB8-8B4A-11D0-8D11-00A0C91BC942}") = "qtXosHello", "qtXosHello\qtXosHello.vcproj", "{13794BEC-626B-4864-BF97-CB62DDA3304F}"
	ProjectSection(ProjectDependencies) = postProject
		{BAE70CE2-8375-412E-8274-A4FB4F895239} = {BAE70CE2-8375-412E-8274-A4FB4F895239}
	EndProjectSection
EndProject
Project("{8BC9CEB8-8B4A-11D0-8D11-00A0C91BC942}") = "xmXosHello", "xmXosHello\xmXosHello.vcproj", "{023D448B-90B7-4675-AFDA-983A67B1D62E}"
EndProject
Project("{8BC9CEB8-8B4A-11D0-8D11-00A0C91BC942}") = "xtXosHello", "xtXosHello\xtXosHello.vcproj", "{874E0F7D-2F79-4657-BFEF-C6C890FBA915}"
EndProject
Project("{8BC9CEB8-8B4A-11D0-8D11-00A0C91BC942}") = "xXosHello", "xXosHello\xXosHello.vcproj", "{F1F03746-CB7A-4F42-B117-A02B3A188024}"
EndProject
Project("{8BC9CEB8-8B4A-11D0-8D11-00A0C91BC942}") = "xcbXosHello", "xcbXosHello\xcbXosHello.vcproj", "{42F6C7CA-ABDB-4510-9809-AC17D09D7138}"
EndProject
Project("{8BC9CEB8-8B4A-11D0-8D11-00A0C91BC942}") = "wxXosHello", "wxXosHello\wxXosHello.vcproj", "{7AE4D210-6F49-4E7A-A317-433EA8A44D06}"
	ProjectSection(ProjectDependencies) = postProject
		{BAE70CE2-8375-412E-8274-A4FB4F895239} = {BAE70CE2-8375-412E-8274-A4FB4F895239}
	EndProjectSection
EndProject
Project("{8BC9CEB8-8B4A-11D0-8D11-00A0C91BC942}") = "libXosQt", "libXosQt\libXosQt.vcproj", "{D255CD42-CD87-4738-A183-0D60F8A99D65}"
EndProject
Project("{8BC9CEB8-8B4A-11D0-8D11-00A0C91BC942}") = "libXosWx", "libXosWx\libXosWx.vcproj", "{4DAE2254-035C-4F7F-8FF4-A2869799783F}"
EndProject
Project("{8BC9CEB8-8B4A-11D0-8D11-00A0C91BC942}") = "qtXosMd5", "qtXosMd5\qtXosMd5.vcproj", "{6E509270-C5CC-452E-9CA4-17D970DC5006}"
	ProjectSection(ProjectDependencies) = postProject
		{95F2E366-20DD-4417-B631-3D105113D077} = {95F2E366-20DD-4417-B631-3D105113D077}
		{BAE70CE2-8375-412E-8274-A4FB4F895239} = {BAE70CE2-8375-412E-8274-A4FB4F895239}
	EndProjectSection
EndProject
Project("{8BC9CEB8-8B4A-11D0-8D11-00A0C91BC942}") = "libXosCrypto", "libXosCrypto\libXosCrypto.vcproj", "{95F2E366-20DD-4417-B631-3D105113D077}"
EndProject
Project("{8BC9CEB8-8B4A-11D0-8D11-00A0C91BC942}") = "qtXosSha1", "qtXosSha1\qtXosSha1.vcproj", "{D091ECBA-A782-489B-A7AF-B4E48174E17B}"
	ProjectSection(ProjectDependencies) = postProject
		{95F2E366-20DD-4417-B631-3D105113D077} = {95F2E366-20DD-4417-B631-3D105113D077}
		{BAE70CE2-8375-412E-8274-A4FB4F895239} = {BAE70CE2-8375-412E-8274-A4FB4F895239}
	EndProjectSection
EndProject
Global
	GlobalSection(SolutionConfigurationPlatforms) = preSolution
		Debug|Win32 = Debug|Win32
		Release|Win32 = Release|Win32
	EndGlobalSection
	GlobalSection(ProjectConfigurationPlatforms) = postSolution
		{BAE70CE2-8375-412E-8274-A4FB4F895239}.Debug|Win32.ActiveCfg = Debug|Win32
		{BAE70CE2-8375-412E-8274-A4FB4F895239}.Debug|Win32.Build.0 = Debug|Win32
		{BAE70CE2-8375-412E-8274-A4FB4F895239}.Release|Win32.ActiveCfg = Release|Win32
		{BAE70CE2-8375-412E-8274-A4FB4F895239}.Release|Win32.Build.0 = Release|Win32
		{80B9B20F-C973-4195-9D04-78CF5E7E550A}.Debug|Win32.ActiveCfg = Debug|Win32
		{80B9B20F-C973-4195-9D04-78CF5E7E550A}.Debug|Win32.Build.0 = Debug|Win32
		{80B9B20F-C973-4195-9D04-78CF5E7E550A}.Release|Win32.ActiveCfg = Release|Win32
		{80B9B20F-C973-4195-9D04-78CF5E7E550A}.Release|Win32.Build.0 = Release|Win32
		{C7AFF8CD-1B17-4A8B-B4ED-AA0E527633DC}.Debug|Win32.ActiveCfg = Debug|Win32
		{C7AFF8CD-1B17-4A8B-B4ED-AA0E527633DC}.Debug|Win32.Build.0 = Debug|Win32
		{C7AFF8CD-1B17-4A8B-B4ED-AA0E527633DC}.Release|Win32.ActiveCfg = Release|Win32
		{C7AFF8CD-1B17-4A8B-B4ED-AA0E527633DC}.Release|Win32.Build.0 = Release|Win32
		{1CA1C651-985F-424A-9DBE-74CD9FDF0B09}.Debug|Win32.ActiveCfg = Debug|Win32
		{1CA1C651-985F-424A-9DBE-74CD9FDF0B09}.Debug|Win32.Build.0 = Debug|Win32
		{1CA1C651-985F-424A-9DBE-74CD9FDF0B09}.Release|Win32.ActiveCfg = Release|Win32
		{1CA1C651-985F-424A-9DBE-74CD9FDF0B09}.Release|Win32.Build.0 = Release|Win32
		{802268FB-67AC-4C3A-B0E4-A8C62D83D593}.Debug|Win32.ActiveCfg = Debug|Win32
		{802268FB-67AC-4C3A-B0E4-A8C62D83D593}.Debug|Win32.Build.0 = Debug|Win32
		{802268FB-67AC-4C3A-B0E4-A8C62D83D593}.Release|Win32.ActiveCfg = Release|Win32
		{802268FB-67AC-4C3A-B0E4-A8C62D83D593}.Release|Win32.Build.0 = Release|Win32
		{13794BEC-626B-4864-BF97-CB62DDA3304F}.Debug|Win32.ActiveCfg = Debug|Win32
		{13794BEC-626B-4864-BF97-CB62DDA3304F}.Debug|Win32.Build.0 = Debug|Win32
		{13794BEC-626B-4864-BF97-CB62DDA3304F}.Release|Win32.ActiveCfg = Release|Win32
		{13794BEC-626B-4864-BF97-CB62DDA3304F}.Release|Win32.Build.0 = Release|Win32
		{023D448B-90B7-4675-AFDA-983A67B1D62E}.Debug|Win32.ActiveCfg = Debug|Win32
		{023D448B-90B7-4675-AFDA-983A67B1D62E}.Debug|Win32.Build.0 = Debug|Win32
		{023D448B-90B7-4675-AFDA-983A67B1D62E}.Release|Win32.ActiveCfg = Release|Win32
		{023D448B-90B7-4675-AFDA-983A67B1D62E}.Release|Win32.Build.0 = Release|Win32
		{874E0F7D-2F79-4657-BFEF-C6C890FBA915}.Debug|Win32.ActiveCfg = Debug|Win32
		{874E0F7D-2F79-4657-BFEF-C6C890FBA915}.Debug|Win32.Build.0 = Debug|Win32
		{874E0F7D-2F79-4657-BFEF-C6C890FBA915}.Release|Win32.ActiveCfg = Release|Win32
		{874E0F7D-2F79-4657-BFEF-C6C890FBA915}.Release|Win32.Build.0 = Release|Win32
		{F1F03746-CB7A-4F42-B117-A02B3A188024}.Debug|Win32.ActiveCfg = Debug|Win32
		{F1F03746-CB7A-4F42-B117-A02B3A188024}.Debug|Win32.Build.0 = Debug|Win32
		{F1F03746-CB7A-4F42-B117-A02B3A188024}.Release|Win32.ActiveCfg = Release|Win32
		{F1F03746-CB7A-4F42-B117-A02B3A188024}.Release|Win32.Build.0 = Release|Win32
		{42F6C7CA-ABDB-4510-9809-AC17D09D7138}.Debug|Win32.ActiveCfg = Debug|Win32
		{42F6C7CA-ABDB-4510-9809-AC17D09D7138}.Debug|Win32.Build.0 = Debug|Win32
		{42F6C7CA-ABDB-4510-9809-AC17D09D7138}.Release|Win32.ActiveCfg = Release|Win32
		{42F6C7CA-ABDB-4510-9809-AC17D09D7138}.Release|Win32.Build.0 = Release|Win32
		{7AE4D210-6F49-4E7A-A317-433EA8A44D06}.Debug|Win32.ActiveCfg = Debug|Win32
		{7AE4D210-6F49-4E7A-A317-433EA8A44D06}.Debug|Win32.Build.0 = Debug|Win32
		{7AE4D210-6F49-4E7A-A317-433EA8A44D06}.Release|Win32.ActiveCfg = Release|Win32
		{7AE4D210-6F49-4E7A-A317-433EA8A44D06}.Release|Win32.Build.0 = Release|Win32
		{D255CD42-CD87-4738-A183-0D60F8A99D65}.Debug|Win32.ActiveCfg = Debug|Win32
		{D255CD42-CD87-4738-A183-0D60F8A99D65}.Debug|Win32.Build.0 = Debug|Win32
		{D255CD42-CD87-4738-A183-0D60F8A99D65}.Release|Win32.ActiveCfg = Release|Win32
		{D255CD42-CD87-4738-A183-0D60F8A99D65}.Release|Win32.Build.0 = Release|Win32
		{4DAE2254-035C-4F7F-8FF4-A2869799783F}.Debug|Win32.ActiveCfg = Debug|Win32
		{4DAE2254-035C-4F7F-8FF4-A2869799783F}.Debug|Win32.Build.0 = Debug|Win32
		{4DAE2254-035C-4F7F-8FF4-A2869799783F}.Release|Win32.ActiveCfg = Release|Win32
		{4DAE2254-035C-4F7F-8FF4-A2869799783F}.Release|Win32.Build.0 = Release|Win32
		{6E509270-C5CC-452E-9CA4-17D970DC5006}.Debug|Win32.ActiveCfg = Debug|Win32
		{6E509270-C5CC-452E-9CA4-17D970DC5006}.Debug|Win32.Build.0 = Debug|Win32
		{6E509270-C5CC-452E-9CA4-17D970DC5006}.Release|Win32.ActiveCfg = Release|Win32
		{6E509270-C5CC-452E-9CA4-17D970DC5006}.Release|Win32.Build.0 = Release|Win32
		{95F2E366-20DD-4417-B631-3D105113D077}.Debug|Win32.ActiveCfg = Debug|Win32
		{95F2E366-20DD-4417-B631-3D105113D077}.Debug|Win32.Build.0 = Debug|Win32
		{95F2E366-20DD-4417-B631-3D105113D077}.Release|Win32.ActiveCfg = Release|Win32
		{95F2E366-20DD-4417-B631-3D105113D077}.Release|Win32.Build.0 = Release|Win32
		{D091ECBA-A782-489B-A7AF-B4E48174E17B}.Debug|Win32.ActiveCfg = Debug|Win32
		{D091ECBA-A782-489B-A7AF-B4E48174E17B}.Debug|Win32.Build.0 = Debug|Win32
		{D091ECBA-A782-489B-A7AF-B4E48174E17B}.Release|Win32.ActiveCfg = Release|Win32
		{D091ECBA-A782-489B-A7AF-B4E48174E17B}.Release|Win32.Build.0 = Release|Win32
	EndGlobalSection
	GlobalSection(SolutionProperties) = preSolution
		HideSolutionNode = FALSE
	EndGlobalSection
	GlobalSection(NestedProjects) = preSolution
		{BAE70CE2-8375-412E-8274-A4FB4F895239} = {F086E77B-66C8-47DC-95A6-5BED7B1A3FBB}
		{80B9B20F-C973-4195-9D04-78CF5E7E550A} = {F086E77B-66C8-47DC-95A6-5BED7B1A3FBB}
		{C7AFF8CD-1B17-4A8B-B4ED-AA0E527633DC} = {F086E77B-66C8-47DC-95A6-5BED7B1A3FBB}
		{1CA1C651-985F-424A-9DBE-74CD9FDF0B09} = {F086E77B-66C8-47DC-95A6-5BED7B1A3FBB}
		{802268FB-67AC-4C3A-B0E4-A8C62D83D593} = {F086E77B-66C8-47DC-95A6-5BED7B1A3FBB}
		{D255CD42-CD87-4738-A183-0D60F8A99D65} = {F086E77B-66C8-47DC-95A6-5BED7B1A3FBB}
		{4DAE2254-035C-4F7F-8FF4-A2869799783F} = {F086E77B-66C8-47DC-95A6-5BED7B1A3FBB}
		{95F2E366-20DD-4417-B631-3D105113D077} = {F086E77B-66C8-47DC-95A6-5BED7B1A3FBB}
		{13794BEC-626B-4864-BF97-CB62DDA3304F} = {1D2EF1AD-3852-42C4-9FCF-49AC6F438B03}
		{023D448B-90B7-4675-AFDA-983A67B1D62E} = {1D2EF1AD-3852-42C4-9FCF-49AC6F438B03}
		{874E0F7D-2F79-4657-BFEF-C6C890FBA915} = {1D2EF1AD-3852-42C4-9FCF-49AC6F438B03}
		{F1F03746-CB7A-4F42-B117-A02B3A188024} = {1D2EF1AD-3852-42C4-9FCF-49AC6F438B03}
		{42F6C7CA-ABDB-4510-9809-AC17D09D7138} = {1D2EF1AD-3852-42C4-9FCF-49AC6F438B03}
		{7AE4D210-6F49-4E7A-A317-433EA8A44D06} = {1D2EF1AD-3852-42C4-9FCF-49AC6F438B03}
		{6E509270-C5CC-452E-9CA4-17D970DC5006} = {1D2EF1AD-3852-42C4-9FCF-49AC6F438B03}
		{D091ECBA-A782-489B-A7AF-B4E48174E17B} = {1D2EF1AD-3852-42C4-9FCF-49AC6F438B03}
	EndGlobalSection
EndGlobal
