
Microsoft Visual Studio Solution File, Format Version 10.00
# Visual Studio 2008
Project("{2150E333-8FDC-42A3-9474-1A3956D46DE8}") = "app", "app", "{8C16C777-3AC8-443E-B331-7E37D0925C03}"
EndProject
Project("{2150E333-8FDC-42A3-9474-1A3956D46DE8}") = "lib", "lib", "{6340C8C4-D3FD-449A-8303-D446BBF850F2}"
EndProject
Project("{2150E333-8FDC-42A3-9474-1A3956D46DE8}") = "Property Sheets", "Property Sheets", "{9A013952-BF7A-48EF-A0D2-4CF549BA935E}"
	ProjectSection(SolutionItems) = preProject
		..\Xos-boost.vsprops = ..\Xos-boost.vsprops
		..\Xos-log4cxx.vsprops = ..\Xos-log4cxx.vsprops
		Xos-vcversion.vsprops = Xos-vcversion.vsprops
		..\Xos.vsprops = ..\Xos.vsprops
	EndProjectSection
EndProject
Project("{8BC9CEB8-8B4A-11D0-8D11-00A0C91BC942}") = "libXosCore", "libXosCore\libXosCore.vcproj", "{BAE70CE2-8375-412E-8274-A4FB4F895239}"
EndProject
Project("{8BC9CEB8-8B4A-11D0-8D11-00A0C91BC942}") = "libXosCoreWindows", "libXosCoreWindows\libXosCoreWindows.vcproj", "{4D1DE82C-9336-4DD6-9816-196E14754393}"
EndProject
Project("{8BC9CEB8-8B4A-11D0-8D11-00A0C91BC942}") = "libXosCoreUnix", "libXosCoreUnix\libXosCoreUnix.vcproj", "{17920C1D-E4F4-4AC9-9CBD-7D3980C6A753}"
EndProject
Project("{8BC9CEB8-8B4A-11D0-8D11-00A0C91BC942}") = "libXosX11", "libXosX11\libXosX11.vcproj", "{80B9B20F-C973-4195-9D04-78CF5E7E550A}"
EndProject
Project("{8BC9CEB8-8B4A-11D0-8D11-00A0C91BC942}") = "libXosXcb", "libXosXcb\libXosXcb.vcproj", "{C7AFF8CD-1B17-4A8B-B4ED-AA0E527633DC}"
EndProject
Project("{8BC9CEB8-8B4A-11D0-8D11-00A0C91BC942}") = "xcbXosHello", "xcbXosHello\xcbXosHello.vcproj", "{42F6C7CA-ABDB-4510-9809-AC17D09D7138}"
EndProject
Project("{8BC9CEB8-8B4A-11D0-8D11-00A0C91BC942}") = "xXosHello", "xXosHello\xXosHello.vcproj", "{F1F03746-CB7A-4F42-B117-A02B3A188024}"
EndProject
Project("{8BC9CEB8-8B4A-11D0-8D11-00A0C91BC942}") = "libXosXt", "libXosXt\libXosXt.vcproj", "{802268FB-67AC-4C3A-B0E4-A8C62D83D593}"
EndProject
Project("{8BC9CEB8-8B4A-11D0-8D11-00A0C91BC942}") = "libXosXm", "libXosXm\libXosXm.vcproj", "{1CA1C651-985F-424A-9DBE-74CD9FDF0B09}"
EndProject
Project("{8BC9CEB8-8B4A-11D0-8D11-00A0C91BC942}") = "xtXosHello", "xtXosHello\xtXosHello.vcproj", "{874E0F7D-2F79-4657-BFEF-C6C890FBA915}"
EndProject
Project("{8BC9CEB8-8B4A-11D0-8D11-00A0C91BC942}") = "xmXosHello", "xmXosHello\xmXosHello.vcproj", "{023D448B-90B7-4675-AFDA-983A67B1D62E}"
EndProject
Global
	GlobalSection(SolutionConfigurationPlatforms) = preSolution
		Debug|Win32 = Debug|Win32
		Release|Win32 = Release|Win32
	EndGlobalSection
	GlobalSection(ProjectConfigurationPlatforms) = postSolution
		{BAE70CE2-8375-412E-8274-A4FB4F895239}.Debug|Win32.ActiveCfg = Debug|Win32
		{BAE70CE2-8375-412E-8274-A4FB4F895239}.Debug|Win32.Build.0 = Debug|Win32
		{BAE70CE2-8375-412E-8274-A4FB4F895239}.Release|Win32.ActiveCfg = Release|Win32
		{BAE70CE2-8375-412E-8274-A4FB4F895239}.Release|Win32.Build.0 = Release|Win32
		{4D1DE82C-9336-4DD6-9816-196E14754393}.Debug|Win32.ActiveCfg = Debug|Win32
		{4D1DE82C-9336-4DD6-9816-196E14754393}.Debug|Win32.Build.0 = Debug|Win32
		{4D1DE82C-9336-4DD6-9816-196E14754393}.Release|Win32.ActiveCfg = Release|Win32
		{4D1DE82C-9336-4DD6-9816-196E14754393}.Release|Win32.Build.0 = Release|Win32
		{17920C1D-E4F4-4AC9-9CBD-7D3980C6A753}.Debug|Win32.ActiveCfg = Debug|Win32
		{17920C1D-E4F4-4AC9-9CBD-7D3980C6A753}.Debug|Win32.Build.0 = Debug|Win32
		{17920C1D-E4F4-4AC9-9CBD-7D3980C6A753}.Release|Win32.ActiveCfg = Release|Win32
		{17920C1D-E4F4-4AC9-9CBD-7D3980C6A753}.Release|Win32.Build.0 = Release|Win32
		{80B9B20F-C973-4195-9D04-78CF5E7E550A}.Debug|Win32.ActiveCfg = Debug|Win32
		{80B9B20F-C973-4195-9D04-78CF5E7E550A}.Debug|Win32.Build.0 = Debug|Win32
		{80B9B20F-C973-4195-9D04-78CF5E7E550A}.Release|Win32.ActiveCfg = Release|Win32
		{80B9B20F-C973-4195-9D04-78CF5E7E550A}.Release|Win32.Build.0 = Release|Win32
		{C7AFF8CD-1B17-4A8B-B4ED-AA0E527633DC}.Debug|Win32.ActiveCfg = Debug|Win32
		{C7AFF8CD-1B17-4A8B-B4ED-AA0E527633DC}.Debug|Win32.Build.0 = Debug|Win32
		{C7AFF8CD-1B17-4A8B-B4ED-AA0E527633DC}.Release|Win32.ActiveCfg = Release|Win32
		{C7AFF8CD-1B17-4A8B-B4ED-AA0E527633DC}.Release|Win32.Build.0 = Release|Win32
		{42F6C7CA-ABDB-4510-9809-AC17D09D7138}.Debug|Win32.ActiveCfg = Debug|Win32
		{42F6C7CA-ABDB-4510-9809-AC17D09D7138}.Debug|Win32.Build.0 = Debug|Win32
		{42F6C7CA-ABDB-4510-9809-AC17D09D7138}.Release|Win32.ActiveCfg = Release|Win32
		{42F6C7CA-ABDB-4510-9809-AC17D09D7138}.Release|Win32.Build.0 = Release|Win32
		{F1F03746-CB7A-4F42-B117-A02B3A188024}.Debug|Win32.ActiveCfg = Debug|Win32
		{F1F03746-CB7A-4F42-B117-A02B3A188024}.Debug|Win32.Build.0 = Debug|Win32
		{F1F03746-CB7A-4F42-B117-A02B3A188024}.Release|Win32.ActiveCfg = Release|Win32
		{F1F03746-CB7A-4F42-B117-A02B3A188024}.Release|Win32.Build.0 = Release|Win32
		{802268FB-67AC-4C3A-B0E4-A8C62D83D593}.Debug|Win32.ActiveCfg = Debug|Win32
		{802268FB-67AC-4C3A-B0E4-A8C62D83D593}.Debug|Win32.Build.0 = Debug|Win32
		{802268FB-67AC-4C3A-B0E4-A8C62D83D593}.Release|Win32.ActiveCfg = Release|Win32
		{802268FB-67AC-4C3A-B0E4-A8C62D83D593}.Release|Win32.Build.0 = Release|Win32
		{1CA1C651-985F-424A-9DBE-74CD9FDF0B09}.Debug|Win32.ActiveCfg = Debug|Win32
		{1CA1C651-985F-424A-9DBE-74CD9FDF0B09}.Debug|Win32.Build.0 = Debug|Win32
		{1CA1C651-985F-424A-9DBE-74CD9FDF0B09}.Release|Win32.ActiveCfg = Release|Win32
		{1CA1C651-985F-424A-9DBE-74CD9FDF0B09}.Release|Win32.Build.0 = Release|Win32
		{874E0F7D-2F79-4657-BFEF-C6C890FBA915}.Debug|Win32.ActiveCfg = Debug|Win32
		{874E0F7D-2F79-4657-BFEF-C6C890FBA915}.Debug|Win32.Build.0 = Debug|Win32
		{874E0F7D-2F79-4657-BFEF-C6C890FBA915}.Release|Win32.ActiveCfg = Release|Win32
		{874E0F7D-2F79-4657-BFEF-C6C890FBA915}.Release|Win32.Build.0 = Release|Win32
		{023D448B-90B7-4675-AFDA-983A67B1D62E}.Debug|Win32.ActiveCfg = Debug|Win32
		{023D448B-90B7-4675-AFDA-983A67B1D62E}.Debug|Win32.Build.0 = Debug|Win32
		{023D448B-90B7-4675-AFDA-983A67B1D62E}.Release|Win32.ActiveCfg = Release|Win32
		{023D448B-90B7-4675-AFDA-983A67B1D62E}.Release|Win32.Build.0 = Release|Win32
	EndGlobalSection
	GlobalSection(SolutionProperties) = preSolution
		HideSolutionNode = FALSE
	EndGlobalSection
	GlobalSection(NestedProjects) = preSolution
		{42F6C7CA-ABDB-4510-9809-AC17D09D7138} = {8C16C777-3AC8-443E-B331-7E37D0925C03}
		{F1F03746-CB7A-4F42-B117-A02B3A188024} = {8C16C777-3AC8-443E-B331-7E37D0925C03}
		{874E0F7D-2F79-4657-BFEF-C6C890FBA915} = {8C16C777-3AC8-443E-B331-7E37D0925C03}
		{023D448B-90B7-4675-AFDA-983A67B1D62E} = {8C16C777-3AC8-443E-B331-7E37D0925C03}
		{BAE70CE2-8375-412E-8274-A4FB4F895239} = {6340C8C4-D3FD-449A-8303-D446BBF850F2}
		{4D1DE82C-9336-4DD6-9816-196E14754393} = {6340C8C4-D3FD-449A-8303-D446BBF850F2}
		{17920C1D-E4F4-4AC9-9CBD-7D3980C6A753} = {6340C8C4-D3FD-449A-8303-D446BBF850F2}
		{80B9B20F-C973-4195-9D04-78CF5E7E550A} = {6340C8C4-D3FD-449A-8303-D446BBF850F2}
		{C7AFF8CD-1B17-4A8B-B4ED-AA0E527633DC} = {6340C8C4-D3FD-449A-8303-D446BBF850F2}
		{802268FB-67AC-4C3A-B0E4-A8C62D83D593} = {6340C8C4-D3FD-449A-8303-D446BBF850F2}
		{1CA1C651-985F-424A-9DBE-74CD9FDF0B09} = {6340C8C4-D3FD-449A-8303-D446BBF850F2}
	EndGlobalSection
EndGlobal
